# This file is generated by running "yarn install" inside your project.
# Manual changes might be lost - proceed with caution!

__metadata:
  version: 6
  cacheKey: 8

"@gweninterpreter/gwen-web@npm:^1.3.0":
  version: 1.3.0
  resolution: "@gweninterpreter/gwen-web@npm:1.3.0"
  dependencies:
    "@xmldom/xmldom": 0.8.8
    axios: 0.26.1
    cachedir: 2.3.0
    cross-spawn: 7.0.3
    decompress: 4.2.1
    progress: 2.0.3
    url-join: 4.0.1
    xpath: 0.0.32
  bin:
    gwen: bin/gwen.js
  checksum: 5aef0fe2eb0bb8277804292812fa3f679f6a76fdeaa186eb6ba6a38646fe08514958835340fa1cfa47d1de0141912c0796e52d48b2c8783cc3e38e2783fe2bad
  languageName: node
  linkType: hard

"@xmldom/xmldom@npm:0.8.8":
  version: 0.8.8
  resolution: "@xmldom/xmldom@npm:0.8.8"
  checksum: 5f5fc0482fcc599f62e3009516932a265e00f1bb2093fe2c76f3f8d9bfebdd13246f48d4132c9b301c7a573f0fa8712e56aa747dce75b179c2b73f1dde7b5f42
  languageName: node
  linkType: hard

"axios@npm:0.26.1":
  version: 0.26.1
  resolution: "axios@npm:0.26.1"
  dependencies:
    follow-redirects: ^1.14.8
  checksum: d9eb58ff4bc0b36a04783fc9ff760e9245c829a5a1052ee7ca6013410d427036b1d10d04e7380c02f3508c5eaf3485b1ae67bd2adbfec3683704745c8d7a6e1a
  languageName: node
  linkType: hard

"base64-js@npm:^1.3.1":
  version: 1.5.1
  resolution: "base64-js@npm:1.5.1"
  checksum: 669632eb3745404c2f822a18fc3a0122d2f9a7a13f7fb8b5823ee19d1d2ff9ee5b52c53367176ea4ad093c332fd5ab4bd0ebae5a8e27917a4105a4cfc86b1005
  languageName: node
  linkType: hard

"bl@npm:^1.0.0":
  version: 1.2.3
  resolution: "bl@npm:1.2.3"
  dependencies:
    readable-stream: ^2.3.5
    safe-buffer: ^5.1.1
  checksum: 123f097989ce2fa9087ce761cd41176aaaec864e28f7dfe5c7dab8ae16d66d9844f849c3ad688eb357e3c5e4f49b573e3c0780bb8bc937206735a3b6f8569a5f
  languageName: node
  linkType: hard

"buffer-alloc-unsafe@npm:^1.1.0":
  version: 1.1.0
  resolution: "buffer-alloc-unsafe@npm:1.1.0"
  checksum: c5e18bf51f67754ec843c9af3d4c005051aac5008a3992938dda1344e5cfec77c4b02b4ca303644d1e9a6e281765155ce6356d85c6f5ccc5cd21afc868def396
  languageName: node
  linkType: hard

"buffer-alloc@npm:^1.2.0":
  version: 1.2.0
  resolution: "buffer-alloc@npm:1.2.0"
  dependencies:
    buffer-alloc-unsafe: ^1.1.0
    buffer-fill: ^1.0.0
  checksum: 560cd27f3cbe73c614867da373407d4506309c62fe18de45a1ce191f3785ec6ca2488d802ff82065798542422980ca25f903db078c57822218182c37c3576df5
  languageName: node
  linkType: hard

"buffer-crc32@npm:~0.2.3":
  version: 0.2.13
  resolution: "buffer-crc32@npm:0.2.13"
  checksum: 06252347ae6daca3453b94e4b2f1d3754a3b146a111d81c68924c22d91889a40623264e95e67955b1cb4a68cbedf317abeabb5140a9766ed248973096db5ce1c
  languageName: node
  linkType: hard

"buffer-fill@npm:^1.0.0":
  version: 1.0.0
  resolution: "buffer-fill@npm:1.0.0"
  checksum: c29b4723ddeab01e74b5d3b982a0c6828f2ded49cef049ddca3dac661c874ecdbcecb5dd8380cf0f4adbeb8cff90a7de724126750a1f1e5ebd4eb6c59a1315b1
  languageName: node
  linkType: hard

"buffer@npm:^5.2.1":
  version: 5.7.1
  resolution: "buffer@npm:5.7.1"
  dependencies:
    base64-js: ^1.3.1
    ieee754: ^1.1.13
  checksum: e2cf8429e1c4c7b8cbd30834ac09bd61da46ce35f5c22a78e6c2f04497d6d25541b16881e30a019c6fd3154150650ccee27a308eff3e26229d788bbdeb08ab84
  languageName: node
  linkType: hard

"cachedir@npm:2.3.0":
  version: 2.3.0
  resolution: "cachedir@npm:2.3.0"
  checksum: ec90cb0f2e6336e266aa748dbadf3da9e0b20e843e43f1591acab7a3f1451337dc2f26cb9dd833ae8cfefeffeeb43ef5b5ff62782a685f4e3c2305dd98482fcb
  languageName: node
  linkType: hard

"commander@npm:^2.8.1":
  version: 2.20.3
  resolution: "commander@npm:2.20.3"
  checksum: ab8c07884e42c3a8dbc5dd9592c606176c7eb5c1ca5ff274bcf907039b2c41de3626f684ea75ccf4d361ba004bbaff1f577d5384c155f3871e456bdf27becf9e
  languageName: node
  linkType: hard

"core-util-is@npm:~1.0.0":
  version: 1.0.3
  resolution: "core-util-is@npm:1.0.3"
  checksum: 9de8597363a8e9b9952491ebe18167e3b36e7707569eed0ebf14f8bba773611376466ae34575bca8cfe3c767890c859c74056084738f09d4e4a6f902b2ad7d99
  languageName: node
  linkType: hard

"cross-spawn@npm:7.0.3":
  version: 7.0.3
  resolution: "cross-spawn@npm:7.0.3"
  dependencies:
    path-key: ^3.1.0
    shebang-command: ^2.0.0
    which: ^2.0.1
  checksum: 671cc7c7288c3a8406f3c69a3ae2fc85555c04169e9d611def9a675635472614f1c0ed0ef80955d5b6d4e724f6ced67f0ad1bb006c2ea643488fcfef994d7f52
  languageName: node
  linkType: hard

"decompress-tar@npm:^4.0.0, decompress-tar@npm:^4.1.0, decompress-tar@npm:^4.1.1":
  version: 4.1.1
  resolution: "decompress-tar@npm:4.1.1"
  dependencies:
    file-type: ^5.2.0
    is-stream: ^1.1.0
    tar-stream: ^1.5.2
  checksum: 42d5360b558a28dd884e1bf809e3fea92b9910fda5151add004d4a64cc76ac124e8b3e9117e805f2349af9e49c331d873e6fc5ad86a00e575703fee632b0a225
  languageName: node
  linkType: hard

"decompress-tarbz2@npm:^4.0.0":
  version: 4.1.1
  resolution: "decompress-tarbz2@npm:4.1.1"
  dependencies:
    decompress-tar: ^4.1.0
    file-type: ^6.1.0
    is-stream: ^1.1.0
    seek-bzip: ^1.0.5
    unbzip2-stream: ^1.0.9
  checksum: 519c81337730159a1f2d7072a6ee8523ffd76df48d34f14c27cb0a27f89b4e2acf75dad2f761838e5bc63230cea1ac154b092ecb7504be4e93f7d0e32ddd6aff
  languageName: node
  linkType: hard

"decompress-targz@npm:^4.0.0":
  version: 4.1.1
  resolution: "decompress-targz@npm:4.1.1"
  dependencies:
    decompress-tar: ^4.1.1
    file-type: ^5.2.0
    is-stream: ^1.1.0
  checksum: 22738f58eb034568dc50d370c03b346c428bfe8292fe56165847376b5af17d3c028fefca82db642d79cb094df4c0a599d40a8f294b02aad1d3ddec82f3fd45d4
  languageName: node
  linkType: hard

"decompress-unzip@npm:^4.0.1":
  version: 4.0.1
  resolution: "decompress-unzip@npm:4.0.1"
  dependencies:
    file-type: ^3.8.0
    get-stream: ^2.2.0
    pify: ^2.3.0
    yauzl: ^2.4.2
  checksum: ba9f3204ab2415bedb18d796244928a18148ef40dbb15174d0d01e5991b39536b03d02800a8a389515a1523f8fb13efc7cd44697df758cd06c674879caefd62b
  languageName: node
  linkType: hard

"decompress@npm:4.2.1":
  version: 4.2.1
  resolution: "decompress@npm:4.2.1"
  dependencies:
    decompress-tar: ^4.0.0
    decompress-tarbz2: ^4.0.0
    decompress-targz: ^4.0.0
    decompress-unzip: ^4.0.1
    graceful-fs: ^4.1.10
    make-dir: ^1.0.0
    pify: ^2.3.0
    strip-dirs: ^2.0.0
  checksum: 8247a31c6db7178413715fdfb35a482f019c81dfcd6e8e623d9f0382c9889ce797ce0144de016b256ed03298907a620ce81387cca0e69067a933470081436cb8
  languageName: node
  linkType: hard

"end-of-stream@npm:^1.0.0":
  version: 1.4.4
  resolution: "end-of-stream@npm:1.4.4"
  dependencies:
    once: ^1.4.0
  checksum: 530a5a5a1e517e962854a31693dbb5c0b2fc40b46dad2a56a2deec656ca040631124f4795823acc68238147805f8b021abbe221f4afed5ef3c8e8efc2024908b
  languageName: node
  linkType: hard

"fd-slicer@npm:~1.1.0":
  version: 1.1.0
  resolution: "fd-slicer@npm:1.1.0"
  dependencies:
    pend: ~1.2.0
  checksum: c8585fd5713f4476eb8261150900d2cb7f6ff2d87f8feb306ccc8a1122efd152f1783bdb2b8dc891395744583436bfd8081d8e63ece0ec8687eeefea394d4ff2
  languageName: node
  linkType: hard

"file-type@npm:^3.8.0":
  version: 3.9.0
  resolution: "file-type@npm:3.9.0"
  checksum: 1db70b2485ac77c4edb4b8753c1874ee6194123533f43c2651820f96b518f505fa570b093fedd6672eb105ba9fb89c62f84b6492e46788e39c3447aed37afa2d
  languageName: node
  linkType: hard

"file-type@npm:^5.2.0":
  version: 5.2.0
  resolution: "file-type@npm:5.2.0"
  checksum: b2b21c7fc3cfb3c6a3a18b0d5d7233b74d8c17d82757655766573951daf42962a5c809e5fc3637675b237c558ebc67e4958fb2cc5a4ad407bc545aaa40001c74
  languageName: node
  linkType: hard

"file-type@npm:^6.1.0":
  version: 6.2.0
  resolution: "file-type@npm:6.2.0"
  checksum: 749540cefcd4959121eb83e373ed84e49b2e5a510aa5d598b725bd772dd306ae41fd00d3162ae3f6563b4db5cfafbbd0df321de3f20c17e20a8c56431ae55e58
  languageName: node
  linkType: hard

"follow-redirects@npm:^1.14.8":
  version: 1.15.2
  resolution: "follow-redirects@npm:1.15.2"
  peerDependenciesMeta:
    debug:
      optional: true
  checksum: faa66059b66358ba65c234c2f2a37fcec029dc22775f35d9ad6abac56003268baf41e55f9ee645957b32c7d9f62baf1f0b906e68267276f54ec4b4c597c2b190
  languageName: node
  linkType: hard

"fs-constants@npm:^1.0.0":
  version: 1.0.0
  resolution: "fs-constants@npm:1.0.0"
  checksum: 18f5b718371816155849475ac36c7d0b24d39a11d91348cfcb308b4494824413e03572c403c86d3a260e049465518c4f0d5bd00f0371cdfcad6d4f30a85b350d
  languageName: node
  linkType: hard

"get-stream@npm:^2.2.0":
  version: 2.3.1
  resolution: "get-stream@npm:2.3.1"
  dependencies:
    object-assign: ^4.0.1
    pinkie-promise: ^2.0.0
  checksum: d82c86556e131ba7bef00233aa0aa7a51230e6deac11a971ce0f47cd43e2a5e968a3e3914cd082f07cd0d69425653b2f96735b0a7d5c5c03fef3ab857a531367
  languageName: node
  linkType: hard

"graceful-fs@npm:^4.1.10":
  version: 4.2.11
  resolution: "graceful-fs@npm:4.2.11"
  checksum: ac85f94da92d8eb6b7f5a8b20ce65e43d66761c55ce85ac96df6865308390da45a8d3f0296dd3a663de65d30ba497bd46c696cc1e248c72b13d6d567138a4fc7
  languageName: node
  linkType: hard

"gwen@workspace:.":
  version: 0.0.0-use.local
  resolution: "gwen@workspace:."
  dependencies:
    "@gweninterpreter/gwen-web": ^1.3.0
  languageName: unknown
  linkType: soft

"ieee754@npm:^1.1.13":
  version: 1.2.1
  resolution: "ieee754@npm:1.2.1"
  checksum: 5144c0c9815e54ada181d80a0b810221a253562422e7c6c3a60b1901154184f49326ec239d618c416c1c5945a2e197107aee8d986a3dd836b53dffefd99b5e7e
  languageName: node
  linkType: hard

"inherits@npm:~2.0.3":
  version: 2.0.4
  resolution: "inherits@npm:2.0.4"
  checksum: 4a48a733847879d6cf6691860a6b1e3f0f4754176e4d71494c41f3475553768b10f84b5ce1d40fbd0e34e6bfbb864ee35858ad4dd2cf31e02fc4a154b724d7f1
  languageName: node
  linkType: hard

"is-natural-number@npm:^4.0.1":
  version: 4.0.1
  resolution: "is-natural-number@npm:4.0.1"
  checksum: 3e5e3d52e0dfa4fea923b5d2b8a5cdbd9bf110c4598d30304b98528b02f40c9058a2abf1bae10bcbaf2bac18ace41cff7bc9673aff339f8c8297fae74ae0e75d
  languageName: node
  linkType: hard

"is-stream@npm:^1.1.0":
  version: 1.1.0
  resolution: "is-stream@npm:1.1.0"
  checksum: 063c6bec9d5647aa6d42108d4c59723d2bd4ae42135a2d4db6eadbd49b7ea05b750fd69d279e5c7c45cf9da753ad2c00d8978be354d65aa9f6bb434969c6a2ae
  languageName: node
  linkType: hard

"isarray@npm:~1.0.0":
  version: 1.0.0
  resolution: "isarray@npm:1.0.0"
  checksum: f032df8e02dce8ec565cf2eb605ea939bdccea528dbcf565cdf92bfa2da9110461159d86a537388ef1acef8815a330642d7885b29010e8f7eac967c9993b65ab
  languageName: node
  linkType: hard

"isexe@npm:^2.0.0":
  version: 2.0.0
  resolution: "isexe@npm:2.0.0"
  checksum: 26bf6c5480dda5161c820c5b5c751ae1e766c587b1f951ea3fcfc973bafb7831ae5b54a31a69bd670220e42e99ec154475025a468eae58ea262f813fdc8d1c62
  languageName: node
  linkType: hard

"make-dir@npm:^1.0.0":
  version: 1.3.0
  resolution: "make-dir@npm:1.3.0"
  dependencies:
    pify: ^3.0.0
  checksum: c564f6e7bb5ace1c02ad56b3a5f5e07d074af0c0b693c55c7b2c2b148882827c8c2afc7b57e43338a9f90c125b58d604e8cf3e6990a48bf949dfea8c79668c0b
  languageName: node
  linkType: hard

"object-assign@npm:^4.0.1":
  version: 4.1.1
  resolution: "object-assign@npm:4.1.1"
  checksum: fcc6e4ea8c7fe48abfbb552578b1c53e0d194086e2e6bbbf59e0a536381a292f39943c6e9628af05b5528aa5e3318bb30d6b2e53cadaf5b8fe9e12c4b69af23f
  languageName: node
  linkType: hard

"once@npm:^1.4.0":
  version: 1.4.0
  resolution: "once@npm:1.4.0"
  dependencies:
    wrappy: 1
  checksum: cd0a88501333edd640d95f0d2700fbde6bff20b3d4d9bdc521bdd31af0656b5706570d6c6afe532045a20bb8dc0849f8332d6f2a416e0ba6d3d3b98806c7db68
  languageName: node
  linkType: hard

"path-key@npm:^3.1.0":
  version: 3.1.1
  resolution: "path-key@npm:3.1.1"
  checksum: 55cd7a9dd4b343412a8386a743f9c746ef196e57c823d90ca3ab917f90ab9f13dd0ded27252ba49dbdfcab2b091d998bc446f6220cd3cea65db407502a740020
  languageName: node
  linkType: hard

"pend@npm:~1.2.0":
  version: 1.2.0
  resolution: "pend@npm:1.2.0"
  checksum: 6c72f5243303d9c60bd98e6446ba7d30ae29e3d56fdb6fae8767e8ba6386f33ee284c97efe3230a0d0217e2b1723b8ab490b1bbf34fcbb2180dbc8a9de47850d
  languageName: node
  linkType: hard

"pify@npm:^2.3.0":
  version: 2.3.0
  resolution: "pify@npm:2.3.0"
  checksum: 9503aaeaf4577acc58642ad1d25c45c6d90288596238fb68f82811c08104c800e5a7870398e9f015d82b44ecbcbef3dc3d4251a1cbb582f6e5959fe09884b2ba
  languageName: node
  linkType: hard

"pify@npm:^3.0.0":
  version: 3.0.0
  resolution: "pify@npm:3.0.0"
  checksum: 6cdcbc3567d5c412450c53261a3f10991665d660961e06605decf4544a61a97a54fefe70a68d5c37080ff9d6f4cf51444c90198d1ba9f9309a6c0d6e9f5c4fde
  languageName: node
  linkType: hard

"pinkie-promise@npm:^2.0.0":
  version: 2.0.1
  resolution: "pinkie-promise@npm:2.0.1"
  dependencies:
    pinkie: ^2.0.0
  checksum: b53a4a2e73bf56b6f421eef711e7bdcb693d6abb474d57c5c413b809f654ba5ee750c6a96dd7225052d4b96c4d053cdcb34b708a86fceed4663303abee52fcca
  languageName: node
  linkType: hard

"pinkie@npm:^2.0.0":
  version: 2.0.4
  resolution: "pinkie@npm:2.0.4"
  checksum: b12b10afea1177595aab036fc220785488f67b4b0fc49e7a27979472592e971614fa1c728e63ad3e7eb748b4ec3c3dbd780819331dad6f7d635c77c10537b9db
  languageName: node
  linkType: hard

"process-nextick-args@npm:~2.0.0":
  version: 2.0.1
  resolution: "process-nextick-args@npm:2.0.1"
  checksum: 1d38588e520dab7cea67cbbe2efdd86a10cc7a074c09657635e34f035277b59fbb57d09d8638346bf7090f8e8ebc070c96fa5fd183b777fff4f5edff5e9466cf
  languageName: node
  linkType: hard

"progress@npm:2.0.3":
  version: 2.0.3
  resolution: "progress@npm:2.0.3"
  checksum: f67403fe7b34912148d9252cb7481266a354bd99ce82c835f79070643bb3c6583d10dbcfda4d41e04bbc1d8437e9af0fb1e1f2135727878f5308682a579429b7
  languageName: node
  linkType: hard

"readable-stream@npm:^2.3.0, readable-stream@npm:^2.3.5":
  version: 2.3.8
  resolution: "readable-stream@npm:2.3.8"
  dependencies:
    core-util-is: ~1.0.0
    inherits: ~2.0.3
    isarray: ~1.0.0
    process-nextick-args: ~2.0.0
    safe-buffer: ~5.1.1
    string_decoder: ~1.1.1
    util-deprecate: ~1.0.1
  checksum: 65645467038704f0c8aaf026a72fbb588a9e2ef7a75cd57a01702ee9db1c4a1e4b03aaad36861a6a0926546a74d174149c8c207527963e0c2d3eee2f37678a42
  languageName: node
  linkType: hard

"safe-buffer@npm:^5.1.1":
  version: 5.2.1
  resolution: "safe-buffer@npm:5.2.1"
  checksum: b99c4b41fdd67a6aaf280fcd05e9ffb0813654894223afb78a31f14a19ad220bba8aba1cb14eddce1fcfb037155fe6de4e861784eb434f7d11ed58d1e70dd491
  languageName: node
  linkType: hard

"safe-buffer@npm:~5.1.0, safe-buffer@npm:~5.1.1":
  version: 5.1.2
  resolution: "safe-buffer@npm:5.1.2"
  checksum: f2f1f7943ca44a594893a852894055cf619c1fbcb611237fc39e461ae751187e7baf4dc391a72125e0ac4fb2d8c5c0b3c71529622e6a58f46b960211e704903c
  languageName: node
  linkType: hard

"seek-bzip@npm:^1.0.5":
  version: 1.0.6
  resolution: "seek-bzip@npm:1.0.6"
  dependencies:
    commander: ^2.8.1
  bin:
    seek-bunzip: bin/seek-bunzip
    seek-table: bin/seek-bzip-table
  checksum: c2ab3291e7085558499efd4e99d1466ee6782f6c4a4e4c417aa859e1cd2f5117fb3b5444f3d27c38ec5908c0f0312e2a0bc69dff087751f97b3921b5bde4f9ed
  languageName: node
  linkType: hard

"shebang-command@npm:^2.0.0":
  version: 2.0.0
  resolution: "shebang-command@npm:2.0.0"
  dependencies:
    shebang-regex: ^3.0.0
  checksum: 6b52fe87271c12968f6a054e60f6bde5f0f3d2db483a1e5c3e12d657c488a15474121a1d55cd958f6df026a54374ec38a4a963988c213b7570e1d51575cea7fa
  languageName: node
  linkType: hard

"shebang-regex@npm:^3.0.0":
  version: 3.0.0
  resolution: "shebang-regex@npm:3.0.0"
  checksum: 1a2bcae50de99034fcd92ad4212d8e01eedf52c7ec7830eedcf886622804fe36884278f2be8be0ea5fde3fd1c23911643a4e0f726c8685b61871c8908af01222
  languageName: node
  linkType: hard

"string_decoder@npm:~1.1.1":
  version: 1.1.1
  resolution: "string_decoder@npm:1.1.1"
  dependencies:
    safe-buffer: ~5.1.0
  checksum: 9ab7e56f9d60a28f2be697419917c50cac19f3e8e6c28ef26ed5f4852289fe0de5d6997d29becf59028556f2c62983790c1d9ba1e2a3cc401768ca12d5183a5b
  languageName: node
  linkType: hard

"strip-dirs@npm:^2.0.0":
  version: 2.1.0
  resolution: "strip-dirs@npm:2.1.0"
  dependencies:
    is-natural-number: ^4.0.1
  checksum: 9465547d71d8819daa7a5c9d4d783289ed8eac72eb06bd687bed382ce62af8ab8e6ffbda229805f5d2e71acce2ca4915e781c94190d284994cbc0b7cdc8303cc
  languageName: node
  linkType: hard

"tar-stream@npm:^1.5.2":
  version: 1.6.2
  resolution: "tar-stream@npm:1.6.2"
  dependencies:
    bl: ^1.0.0
    buffer-alloc: ^1.2.0
    end-of-stream: ^1.0.0
    fs-constants: ^1.0.0
    readable-stream: ^2.3.0
    to-buffer: ^1.1.1
    xtend: ^4.0.0
  checksum: a5d49e232d3e33321bbd150381b6a4e5046bf12b1c2618acb95435b7871efde4d98bd1891eb2200478a7142ef7e304e033eb29bbcbc90451a2cdfa1890e05245
  languageName: node
  linkType: hard

"through@npm:^2.3.8":
  version: 2.3.8
  resolution: "through@npm:2.3.8"
  checksum: a38c3e059853c494af95d50c072b83f8b676a9ba2818dcc5b108ef252230735c54e0185437618596c790bbba8fcdaef5b290405981ffa09dce67b1f1bf190cbd
  languageName: node
  linkType: hard

"to-buffer@npm:^1.1.1":
  version: 1.1.1
  resolution: "to-buffer@npm:1.1.1"
  checksum: 6c897f58c2bdd8b8b1645ea515297732fec6dafb089bf36d12370c102ff5d64abf2be9410e0b1b7cfc707bada22d9a4084558010bfc78dd7023748dc5dd9a1ce
  languageName: node
  linkType: hard

"unbzip2-stream@npm:^1.0.9":
  version: 1.4.3
  resolution: "unbzip2-stream@npm:1.4.3"
  dependencies:
    buffer: ^5.2.1
    through: ^2.3.8
  checksum: 0e67c4a91f4fa0fc7b4045f8b914d3498c2fc2e8c39c359977708ec85ac6d6029840e97f508675fdbdf21fcb8d276ca502043406f3682b70f075e69aae626d1d
  languageName: node
  linkType: hard

"url-join@npm:4.0.1":
  version: 4.0.1
  resolution: "url-join@npm:4.0.1"
  checksum: f74e868bf25dbc8be6a8d7237d4c36bb5b6c62c72e594d5ab1347fe91d6af7ccd9eb5d621e30152e4da45c2e9a26bec21390e911ab54a62d4d82e76028374ee5
  languageName: node
  linkType: hard

"util-deprecate@npm:~1.0.1":
  version: 1.0.2
  resolution: "util-deprecate@npm:1.0.2"
  checksum: 474acf1146cb2701fe3b074892217553dfcf9a031280919ba1b8d651a068c9b15d863b7303cb15bd00a862b498e6cf4ad7b4a08fb134edd5a6f7641681cb54a2
  languageName: node
  linkType: hard

"which@npm:^2.0.1":
  version: 2.0.2
  resolution: "which@npm:2.0.2"
  dependencies:
    isexe: ^2.0.0
  bin:
    node-which: ./bin/node-which
  checksum: 1a5c563d3c1b52d5f893c8b61afe11abc3bab4afac492e8da5bde69d550de701cf9806235f20a47b5c8fa8a1d6a9135841de2596535e998027a54589000e66d1
  languageName: node
  linkType: hard

"wrappy@npm:1":
  version: 1.0.2
  resolution: "wrappy@npm:1.0.2"
  checksum: 159da4805f7e84a3d003d8841557196034155008f817172d4e986bd591f74aa82aa7db55929a54222309e01079a65a92a9e6414da5a6aa4b01ee44a511ac3ee5
  languageName: node
  linkType: hard

"xpath@npm:0.0.32":
  version: 0.0.32
  resolution: "xpath@npm:0.0.32"
  checksum: 887e9747b960ea45fb47a9464744424512de0a49205e82c2ad6be662d7a2f1a75145662a143304340864c6da68fd8d767cce4065cc198ee07a3d4897e0a3d4bb
  languageName: node
  linkType: hard

"xtend@npm:^4.0.0":
  version: 4.0.2
  resolution: "xtend@npm:4.0.2"
  checksum: ac5dfa738b21f6e7f0dd6e65e1b3155036d68104e67e5d5d1bde74892e327d7e5636a076f625599dc394330a731861e87343ff184b0047fef1360a7ec0a5a36a
  languageName: node
  linkType: hard

"yauzl@npm:^2.4.2":
  version: 2.10.0
  resolution: "yauzl@npm:2.10.0"
  dependencies:
    buffer-crc32: ~0.2.3
    fd-slicer: ~1.1.0
  checksum: 7f21fe0bbad6e2cb130044a5d1d0d5a0e5bf3d8d4f8c4e6ee12163ce798fee3de7388d22a7a0907f563ac5f9d40f8699a223d3d5c1718da90b0156da6904022b
  languageName: node
  linkType: hard
